
Microsoft Visual Studio Solution File, Format Version 12.00
# Visual Studio Version 16
VisualStudioVersion = 16.0.29728.190
MinimumVisualStudioVersion = 10.0.40219.1
Project("{9A19103F-16F7-4668-BE54-9A1E7A4F7556}") = "ConsoleSample", "ConsoleSample\ConsoleSample.csproj", "{F050C908-E14C-4397-B208-E32065CB009C}"
EndProject
Project("{9A19103F-16F7-4668-BE54-9A1E7A4F7556}") = "ClientLibrary", "ClientLibrary\ClientLibrary.csproj", "{3754C31F-4766-414A-8FC7-21BF7FC86050}"
EndProject
Global
	GlobalSection(SolutionConfigurationPlatforms) = preSolution
		Debug|Any CPU = Debug|Any CPU
		Release|Any CPU = Release|Any CPU
	EndGlobalSection
	GlobalSection(ProjectConfigurationPlatforms) = postSolution
		{F050C908-E14C-4397-B208-E32065CB009C}.Debug|Any CPU.ActiveCfg = Debug|Any CPU
		{F050C908-E14C-4397-B208-E32065CB009C}.Debug|Any CPU.Build.0 = Debug|Any CPU
		{F050C908-E14C-4397-B208-E32065CB009C}.Release|Any CPU.ActiveCfg = Release|Any CPU
		{F050C908-E14C-4397-B208-E32065CB009C}.Release|Any CPU.Build.0 = Release|Any CPU
		{3754C31F-4766-414A-8FC7-21BF7FC86050}.Debug|Any CPU.ActiveCfg = Debug|Any CPU
		{3754C31F-4766-414A-8FC7-21BF7FC86050}.Debug|Any CPU.Build.0 = Debug|Any CPU
		{3754C31F-4766-414A-8FC7-21BF7FC86050}.Release|Any CPU.ActiveCfg = Release|Any CPU
		{3754C31F-4766-414A-8FC7-21BF7FC86050}.Release|Any CPU.Build.0 = Release|Any CPU
	EndGlobalSection
	GlobalSection(SolutionProperties) = preSolution
		HideSolutionNode = FALSE
	EndGlobalSection
	GlobalSection(ExtensibilityGlobals) = postSolution
		SolutionGuid = {135494FF-9FD9-4363-95DA-084E77A50BBA}
	EndGlobalSection
EndGlobal
